PODS:
  - FlutterMacOS (1.0.0)
  - rust_lib_skiffy (0.0.1):
    - FlutterMacOS

DEPENDENCIES:
  - FlutterMacOS (from `Flutter/ephemeral`)
  - rust_lib_skiffy (from `Flutter/ephemeral/.symlinks/plugins/rust_lib_skiffy/macos`)

EXTERNAL SOURCES:
  FlutterMacOS:
    :path: Flutter/ephemeral
  rust_lib_skiffy:
    :path: Flutter/ephemeral/.symlinks/plugins/rust_lib_skiffy/macos

SPEC CHECKSUMS:
  FlutterMacOS: d0db08ddef1a9af05a5ec4b724367152bb0500b1
  rust_lib_skiffy: 2a7b5134dff9636fd13b2d32f2c11ed88a4a26a3

PODFILE CHECKSUM: 54d867c82ac51cbd61b565781b9fada492027009

COCOAPODS: 1.13.0
